
Microsoft Visual Studio Solution File, Format Version 12.00
# Visual Studio 14
VisualStudioVersion = 14.0.25420.1
MinimumVisualStudioVersion = 10.0.40219.1
Project("{8BC9CEB8-8B4A-11D0-8D11-00A0C91BC942}") = "lab1", "Data Protection\Data Protection.vcxproj", "{5C4F56A3-912E-4E89-97D0-5C1E2675DE18}"
EndProject
Project("{8BC9CEB8-8B4A-11D0-8D11-00A0C91BC942}") = "lab2", "lab2\lab2.vcxproj", "{513559BF-AE13-428A-9E12-BA8AAA5E7997}"
EndProject
Project("{FAE04EC0-301F-11D3-BF4B-00C04F79EFBC}") = "lab3", "lab3\lab3.csproj", "{C125DF4E-495E-49E8-83DB-C1FED261CB89}"
EndProject
Global
	GlobalSection(SolutionConfigurationPlatforms) = preSolution
		Debug|Any CPU = Debug|Any CPU
		Debug|x64 = Debug|x64
		Debug|x86 = Debug|x86
		Release|Any CPU = Release|Any CPU
		Release|x64 = Release|x64
		Release|x86 = Release|x86
	EndGlobalSection
	GlobalSection(ProjectConfigurationPlatforms) = postSolution
		{5C4F56A3-912E-4E89-97D0-5C1E2675DE18}.Debug|Any CPU.ActiveCfg = Debug|Win32
		{5C4F56A3-912E-4E89-97D0-5C1E2675DE18}.Debug|x64.ActiveCfg = Debug|x64
		{5C4F56A3-912E-4E89-97D0-5C1E2675DE18}.Debug|x64.Build.0 = Debug|x64
		{5C4F56A3-912E-4E89-97D0-5C1E2675DE18}.Debug|x86.ActiveCfg = Debug|Win32
		{5C4F56A3-912E-4E89-97D0-5C1E2675DE18}.Debug|x86.Build.0 = Debug|Win32
		{5C4F56A3-912E-4E89-97D0-5C1E2675DE18}.Release|Any CPU.ActiveCfg = Release|Win32
		{5C4F56A3-912E-4E89-97D0-5C1E2675DE18}.Release|x64.ActiveCfg = Release|x64
		{5C4F56A3-912E-4E89-97D0-5C1E2675DE18}.Release|x64.Build.0 = Release|x64
		{5C4F56A3-912E-4E89-97D0-5C1E2675DE18}.Release|x86.ActiveCfg = Release|Win32
		{5C4F56A3-912E-4E89-97D0-5C1E2675DE18}.Release|x86.Build.0 = Release|Win32
		{513559BF-AE13-428A-9E12-BA8AAA5E7997}.Debug|Any CPU.ActiveCfg = Debug|Win32
		{513559BF-AE13-428A-9E12-BA8AAA5E7997}.Debug|x64.ActiveCfg = Debug|x64
		{513559BF-AE13-428A-9E12-BA8AAA5E7997}.Debug|x64.Build.0 = Debug|x64
		{513559BF-AE13-428A-9E12-BA8AAA5E7997}.Debug|x86.ActiveCfg = Debug|Win32
		{513559BF-AE13-428A-9E12-BA8AAA5E7997}.Debug|x86.Build.0 = Debug|Win32
		{513559BF-AE13-428A-9E12-BA8AAA5E7997}.Release|Any CPU.ActiveCfg = Release|Win32
		{513559BF-AE13-428A-9E12-BA8AAA5E7997}.Release|x64.ActiveCfg = Release|x64
		{513559BF-AE13-428A-9E12-BA8AAA5E7997}.Release|x64.Build.0 = Release|x64
		{513559BF-AE13-428A-9E12-BA8AAA5E7997}.Release|x86.ActiveCfg = Release|Win32
		{513559BF-AE13-428A-9E12-BA8AAA5E7997}.Release|x86.Build.0 = Release|Win32
		{C125DF4E-495E-49E8-83DB-C1FED261CB89}.Debug|Any CPU.ActiveCfg = Debug|Any CPU
		{C125DF4E-495E-49E8-83DB-C1FED261CB89}.Debug|Any CPU.Build.0 = Debug|Any CPU
		{C125DF4E-495E-49E8-83DB-C1FED261CB89}.Debug|x64.ActiveCfg = Debug|Any CPU
		{C125DF4E-495E-49E8-83DB-C1FED261CB89}.Debug|x64.Build.0 = Debug|Any CPU
		{C125DF4E-495E-49E8-83DB-C1FED261CB89}.Debug|x86.ActiveCfg = Debug|Any CPU
		{C125DF4E-495E-49E8-83DB-C1FED261CB89}.Debug|x86.Build.0 = Debug|Any CPU
		{C125DF4E-495E-49E8-83DB-C1FED261CB89}.Release|Any CPU.ActiveCfg = Release|Any CPU
		{C125DF4E-495E-49E8-83DB-C1FED261CB89}.Release|Any CPU.Build.0 = Release|Any CPU
		{C125DF4E-495E-49E8-83DB-C1FED261CB89}.Release|x64.ActiveCfg = Release|Any CPU
		{C125DF4E-495E-49E8-83DB-C1FED261CB89}.Release|x64.Build.0 = Release|Any CPU
		{C125DF4E-495E-49E8-83DB-C1FED261CB89}.Release|x86.ActiveCfg = Release|Any CPU
		{C125DF4E-495E-49E8-83DB-C1FED261CB89}.Release|x86.Build.0 = Release|Any CPU
	EndGlobalSection
	GlobalSection(SolutionProperties) = preSolution
		HideSolutionNode = FALSE
	EndGlobalSection
EndGlobal
